
Microsoft Visual Studio Solution File, Format Version 12.00
# Visual Studio Version 17
VisualStudioVersion = 17.12.35521.163
MinimumVisualStudioVersion = 10.0.40219.1
Project("{FAE04EC0-301F-11D3-BF4B-00C04F79EFBC}") = "Resta.API.Tests", "Resta.API.Tests\Resta.API.Tests.csproj", "{9A872605-9926-41F5-A9DA-E0553DA598F7}"
EndProject
Project("{FAE04EC0-301F-11D3-BF4B-00C04F79EFBC}") = "Resta.API", "Resta.API\Resta.API.csproj", "{0C897F26-A072-4F1F-B80B-EF412167FD7D}"
EndProject
Project("{FAE04EC0-301F-11D3-BF4B-00C04F79EFBC}") = "Resta.MVC", "Resta.MVC\Resta.MVC.csproj", "{66110CB6-F3DC-4A4B-A649-D0E7CCAF7599}"
EndProject
Project("{FAE04EC0-301F-11D3-BF4B-00C04F79EFBC}") = "MuzikCalarWinForm", "MuzikCalarWinForm\MuzikCalarWinForm.csproj", "{9B4B9BAD-F3DC-49E6-8C56-B28CB1ECCE05}"
EndProject
Project("{2150E333-8FDC-42A3-9474-1A3956D46DE8}") = "Solution Items", "Solution Items", "{8EC462FD-D22E-90A8-E5CE-7E832BA40C5D}"
	ProjectSection(SolutionItems) = preProject
		zzz_Bilgi = zzz_Bilgi
		zzz_TestAkisi.txt = zzz_TestAkisi.txt
	EndProjectSection
EndProject
Global
	GlobalSection(SolutionConfigurationPlatforms) = preSolution
		Debug|Any CPU = Debug|Any CPU
		Release|Any CPU = Release|Any CPU
	EndGlobalSection
	GlobalSection(ProjectConfigurationPlatforms) = postSolution
		{9A872605-9926-41F5-A9DA-E0553DA598F7}.Debug|Any CPU.ActiveCfg = Debug|Any CPU
		{9A872605-9926-41F5-A9DA-E0553DA598F7}.Debug|Any CPU.Build.0 = Debug|Any CPU
		{9A872605-9926-41F5-A9DA-E0553DA598F7}.Release|Any CPU.ActiveCfg = Release|Any CPU
		{9A872605-9926-41F5-A9DA-E0553DA598F7}.Release|Any CPU.Build.0 = Release|Any CPU
		{0C897F26-A072-4F1F-B80B-EF412167FD7D}.Debug|Any CPU.ActiveCfg = Debug|Any CPU
		{0C897F26-A072-4F1F-B80B-EF412167FD7D}.Debug|Any CPU.Build.0 = Debug|Any CPU
		{0C897F26-A072-4F1F-B80B-EF412167FD7D}.Release|Any CPU.ActiveCfg = Release|Any CPU
		{0C897F26-A072-4F1F-B80B-EF412167FD7D}.Release|Any CPU.Build.0 = Release|Any CPU
		{66110CB6-F3DC-4A4B-A649-D0E7CCAF7599}.Debug|Any CPU.ActiveCfg = Debug|Any CPU
		{66110CB6-F3DC-4A4B-A649-D0E7CCAF7599}.Debug|Any CPU.Build.0 = Debug|Any CPU
		{66110CB6-F3DC-4A4B-A649-D0E7CCAF7599}.Release|Any CPU.ActiveCfg = Release|Any CPU
		{66110CB6-F3DC-4A4B-A649-D0E7CCAF7599}.Release|Any CPU.Build.0 = Release|Any CPU
		{9B4B9BAD-F3DC-49E6-8C56-B28CB1ECCE05}.Debug|Any CPU.ActiveCfg = Debug|Any CPU
		{9B4B9BAD-F3DC-49E6-8C56-B28CB1ECCE05}.Debug|Any CPU.Build.0 = Debug|Any CPU
		{9B4B9BAD-F3DC-49E6-8C56-B28CB1ECCE05}.Release|Any CPU.ActiveCfg = Release|Any CPU
		{9B4B9BAD-F3DC-49E6-8C56-B28CB1ECCE05}.Release|Any CPU.Build.0 = Release|Any CPU
	EndGlobalSection
	GlobalSection(SolutionProperties) = preSolution
		HideSolutionNode = FALSE
	EndGlobalSection
	GlobalSection(ExtensibilityGlobals) = postSolution
		SolutionGuid = {0BF910C5-90DA-417F-A788-1503D76DACD1}
	EndGlobalSection
EndGlobal
